
Microsoft Visual Studio Solution File, Format Version 12.00
# Visual Studio Version 17
VisualStudioVersion = 17.7.34024.191
MinimumVisualStudioVersion = 10.0.40219.1
Project("{FAE04EC0-301F-11D3-BF4B-00C04F79EFBC}") = "ChallangeApp", "ChallangeApp\ChallangeApp.csproj", "{1E4DF124-DB17-44B9-A30D-84BB38A46D41}"
EndProject
Global
	GlobalSection(SolutionConfigurationPlatforms) = preSolution
		Debug|Any CPU = Debug|Any CPU
		Release|Any CPU = Release|Any CPU
	EndGlobalSection
	GlobalSection(ProjectConfigurationPlatforms) = postSolution
		{1E4DF124-DB17-44B9-A30D-84BB38A46D41}.Debug|Any CPU.ActiveCfg = Debug|Any CPU
		{1E4DF124-DB17-44B9-A30D-84BB38A46D41}.Debug|Any CPU.Build.0 = Debug|Any CPU
		{1E4DF124-DB17-44B9-A30D-84BB38A46D41}.Release|Any CPU.ActiveCfg = Release|Any CPU
		{1E4DF124-DB17-44B9-A30D-84BB38A46D41}.Release|Any CPU.Build.0 = Release|Any CPU
	EndGlobalSection
	GlobalSection(SolutionProperties) = preSolution
		HideSolutionNode = FALSE
	EndGlobalSection
	GlobalSection(ExtensibilityGlobals) = postSolution
		SolutionGuid = {BD6366C6-4092-4A08-A26C-778F2DBB4A83}
	EndGlobalSection
EndGlobal
